
Microsoft Visual Studio Solution File, Format Version 12.00
# Visual Studio Version 17
VisualStudioVersion = 17.7.34024.191
MinimumVisualStudioVersion = 10.0.40219.1
Project("{FAE04EC0-301F-11D3-BF4B-00C04F79EFBC}") = "Hosiptal", "Hosiptal\Hosiptal.csproj", "{97915929-0824-4548-B4E2-DBCF0C964EB7}"
EndProject
Project("{FAE04EC0-301F-11D3-BF4B-00C04F79EFBC}") = "ClassLibrary1", "ClassLibrary1\ClassLibrary1.csproj", "{25D34027-0DAE-4E9F-B026-984CE8051456}"
EndProject
Global
	GlobalSection(SolutionConfigurationPlatforms) = preSolution
		Debug|Any CPU = Debug|Any CPU
		Release|Any CPU = Release|Any CPU
	EndGlobalSection
	GlobalSection(ProjectConfigurationPlatforms) = postSolution
		{97915929-0824-4548-B4E2-DBCF0C964EB7}.Debug|Any CPU.ActiveCfg = Debug|Any CPU
		{97915929-0824-4548-B4E2-DBCF0C964EB7}.Debug|Any CPU.Build.0 = Debug|Any CPU
		{97915929-0824-4548-B4E2-DBCF0C964EB7}.Release|Any CPU.ActiveCfg = Release|Any CPU
		{97915929-0824-4548-B4E2-DBCF0C964EB7}.Release|Any CPU.Build.0 = Release|Any CPU
		{25D34027-0DAE-4E9F-B026-984CE8051456}.Debug|Any CPU.ActiveCfg = Debug|Any CPU
		{25D34027-0DAE-4E9F-B026-984CE8051456}.Debug|Any CPU.Build.0 = Debug|Any CPU
		{25D34027-0DAE-4E9F-B026-984CE8051456}.Release|Any CPU.ActiveCfg = Release|Any CPU
		{25D34027-0DAE-4E9F-B026-984CE8051456}.Release|Any CPU.Build.0 = Release|Any CPU
	EndGlobalSection
	GlobalSection(SolutionProperties) = preSolution
		HideSolutionNode = FALSE
	EndGlobalSection
	GlobalSection(ExtensibilityGlobals) = postSolution
		SolutionGuid = {478070F7-D8BD-4921-ADDE-0AD73EB22798}
	EndGlobalSection
EndGlobal
